
Microsoft Visual Studio Solution File, Format Version 12.00
# Visual Studio Version 16
VisualStudioVersion = 16.0.30621.155
MinimumVisualStudioVersion = 10.0.40219.1
Project("{FAE04EC0-301F-11D3-BF4B-00C04F79EFBC}") = "MapColourGenerator", "MapColourGenerator\MapColourGenerator.csproj", "{3912F510-0C6C-43C4-AA49-97C9A4BC1962}"
EndProject
Global
	GlobalSection(SolutionConfigurationPlatforms) = preSolution
		Debug|Any CPU = Debug|Any CPU
		Release|Any CPU = Release|Any CPU
	EndGlobalSection
	GlobalSection(ProjectConfigurationPlatforms) = postSolution
		{3912F510-0C6C-43C4-AA49-97C9A4BC1962}.Debug|Any CPU.ActiveCfg = Debug|Any CPU
		{3912F510-0C6C-43C4-AA49-97C9A4BC1962}.Debug|Any CPU.Build.0 = Debug|Any CPU
		{3912F510-0C6C-43C4-AA49-97C9A4BC1962}.Release|Any CPU.ActiveCfg = Release|Any CPU
		{3912F510-0C6C-43C4-AA49-97C9A4BC1962}.Release|Any CPU.Build.0 = Release|Any CPU
	EndGlobalSection
	GlobalSection(SolutionProperties) = preSolution
		HideSolutionNode = FALSE
	EndGlobalSection
	GlobalSection(ExtensibilityGlobals) = postSolution
		SolutionGuid = {10963B64-F900-4C74-9B2D-CB7498FB8ABE}
	EndGlobalSection
EndGlobal
